
Microsoft Visual Studio Solution File, Format Version 11.00
# Visual Studio 2010
Project("{FAE04EC0-301F-11D3-BF4B-00C04F79EFBC}") = "StructureStatistics", "StructureStatistics.csproj", "{0664C877-2311-4EB2-B381-712F1C9CEEF3}"
EndProject
Global
	GlobalSection(TeamFoundationVersionControl) = preSolution
		SccNumberOfProjects = 2
		SccEnterpriseProvider = {4CA58AB2-18FA-4F8D-95D4-32DDF27D184C}
		SccTeamFoundationServer = http://he-tfs.vms.ad.varian.com:8080/tfs/sandboxes
		SccLocalPath0 = .
		SccProjectUniqueName1 = StructureStatistics.csproj
		SccLocalPath1 = .
	EndGlobalSection
	GlobalSection(SolutionConfigurationPlatforms) = preSolution
		Debug|Any CPU = Debug|Any CPU
		Release|Any CPU = Release|Any CPU
	EndGlobalSection
	GlobalSection(ProjectConfigurationPlatforms) = postSolution
		{0664C877-2311-4EB2-B381-712F1C9CEEF3}.Debug|Any CPU.ActiveCfg = Debug|Any CPU
		{0664C877-2311-4EB2-B381-712F1C9CEEF3}.Debug|Any CPU.Build.0 = Debug|Any CPU
		{0664C877-2311-4EB2-B381-712F1C9CEEF3}.Release|Any CPU.ActiveCfg = Release|Any CPU
		{0664C877-2311-4EB2-B381-712F1C9CEEF3}.Release|Any CPU.Build.0 = Release|Any CPU
	EndGlobalSection
	GlobalSection(SolutionProperties) = preSolution
		HideSolutionNode = FALSE
	EndGlobalSection
EndGlobal
