
Microsoft Visual Studio Solution File, Format Version 11.00
# Visual Studio 2010
Project("{FAE04EC0-301F-11D3-BF4B-00C04F79EFBC}") = "VolumeRendering", "VolumeRendering.csproj", "{018B2B51-A671-457B-A5A2-F59165F686D5}"
EndProject
Global
	GlobalSection(TeamFoundationVersionControl) = preSolution
		SccNumberOfProjects = 2
		SccEnterpriseProvider = {4CA58AB2-18FA-4F8D-95D4-32DDF27D184C}
		SccTeamFoundationServer = http://he-tfs.vms.ad.varian.com:8080/tfs/sandboxes
		SccLocalPath0 = .
		SccProjectUniqueName1 = VolumeRendering.csproj
		SccLocalPath1 = .
	EndGlobalSection
	GlobalSection(SolutionConfigurationPlatforms) = preSolution
		Debug|Any CPU = Debug|Any CPU
		Release|Any CPU = Release|Any CPU
	EndGlobalSection
	GlobalSection(ProjectConfigurationPlatforms) = postSolution
		{018B2B51-A671-457B-A5A2-F59165F686D5}.Debug|Any CPU.ActiveCfg = Debug|Any CPU
		{018B2B51-A671-457B-A5A2-F59165F686D5}.Debug|Any CPU.Build.0 = Debug|Any CPU
		{018B2B51-A671-457B-A5A2-F59165F686D5}.Release|Any CPU.ActiveCfg = Release|Any CPU
		{018B2B51-A671-457B-A5A2-F59165F686D5}.Release|Any CPU.Build.0 = Release|Any CPU
	EndGlobalSection
	GlobalSection(SolutionProperties) = preSolution
		HideSolutionNode = FALSE
	EndGlobalSection
EndGlobal
